hash: faeea0c873f31ac82c3175d5338e433c2e9c9d7ebd9292b040f088fe471d3c7e
updated: 2019-01-28T14:05:58.255033+07:00
imports:
- name: github.com/go-redis/redis
  version: 40336e5ef89189115c9897cdc8f2b13d7a470015
  subpackages:
  - internal
  - internal/consistenthash
  - internal/hashtag
  - internal/pool
  - internal/proto
  - internal/util
- name: github.com/gorilla/mux
  version: a7962380ca08b5a188038c69871b8d3fbdf31e89
- name: github.com/gorilla/securecookie
  version: e65cf8c5df817c89aeb47ecb46064e802e2de943
- name: github.com/gorilla/sessions
  version: 12bd4761fc66ac946e16fcc2a32b1e0b066f6177
- name: golang.org/x/crypto
  version: 057139ce5d2bdbe6fe73c53679e24e9cf007f637
  subpackages:
  - bcrypt
  - blowfish
testImports: []
